
Microsoft Visual Studio Solution File, Format Version 12.00
# Visual Studio Version 17
VisualStudioVersion = 17.3.32901.215
MinimumVisualStudioVersion = 10.0.40219.1
Project("{FAE04EC0-301F-11D3-BF4B-00C04F79EFBC}") = "ProjectJobs", "ProjectJobs\ProjectJobs.csproj", "{F7F38E28-4F4F-422D-AC7B-4684ADEB56FD}"
EndProject
Global
	GlobalSection(SolutionConfigurationPlatforms) = preSolution
		Debug|Any CPU = Debug|Any CPU
		Release|Any CPU = Release|Any CPU
	EndGlobalSection
	GlobalSection(ProjectConfigurationPlatforms) = postSolution
		{F7F38E28-4F4F-422D-AC7B-4684ADEB56FD}.Debug|Any CPU.ActiveCfg = Debug|Any CPU
		{F7F38E28-4F4F-422D-AC7B-4684ADEB56FD}.Debug|Any CPU.Build.0 = Debug|Any CPU
		{F7F38E28-4F4F-422D-AC7B-4684ADEB56FD}.Release|Any CPU.ActiveCfg = Release|Any CPU
		{F7F38E28-4F4F-422D-AC7B-4684ADEB56FD}.Release|Any CPU.Build.0 = Release|Any CPU
	EndGlobalSection
	GlobalSection(SolutionProperties) = preSolution
		HideSolutionNode = FALSE
	EndGlobalSection
	GlobalSection(ExtensibilityGlobals) = postSolution
		SolutionGuid = {F2901B1E-1DDF-45E9-855C-999046DB7DB7}
	EndGlobalSection
EndGlobal
